
Microsoft Visual Studio Solution File, Format Version 12.00
# Visual Studio Version 16
VisualStudioVersion = 16.0.30804.86
MinimumVisualStudioVersion = 10.0.40219.1
Project("{F184B08F-C81C-45F6-A57F-5ABD9991F28F}") = "Generate-Certs", "Generate-Certs.vbproj", "{F9B0F442-BC6D-475E-B4D0-313A3FFA9C21}"
EndProject
Global
	GlobalSection(SolutionConfigurationPlatforms) = preSolution
		Debug|Any CPU = Debug|Any CPU
		Release|Any CPU = Release|Any CPU
	EndGlobalSection
	GlobalSection(ProjectConfigurationPlatforms) = postSolution
		{F9B0F442-BC6D-475E-B4D0-313A3FFA9C21}.Debug|Any CPU.ActiveCfg = Debug|Any CPU
		{F9B0F442-BC6D-475E-B4D0-313A3FFA9C21}.Debug|Any CPU.Build.0 = Debug|Any CPU
		{F9B0F442-BC6D-475E-B4D0-313A3FFA9C21}.Release|Any CPU.ActiveCfg = Release|Any CPU
		{F9B0F442-BC6D-475E-B4D0-313A3FFA9C21}.Release|Any CPU.Build.0 = Release|Any CPU
	EndGlobalSection
	GlobalSection(SolutionProperties) = preSolution
		HideSolutionNode = FALSE
	EndGlobalSection
	GlobalSection(ExtensibilityGlobals) = postSolution
		SolutionGuid = {19D76352-22DA-4093-A4E0-30E02F1F96AB}
	EndGlobalSection
EndGlobal
